
Microsoft Visual Studio Solution File, Format Version 12.00
# Visual Studio Version 16
VisualStudioVersion = 16.0.30503.244
MinimumVisualStudioVersion = 10.0.40219.1
Project("{FAE04EC0-301F-11D3-BF4B-00C04F79EFBC}") = "Free64", "Free64\Free64.csproj", "{53C670F9-A5B1-422E-9284-92504FF95AB9}"
EndProject
Project("{8BC9CEB8-8B4A-11D0-8D11-00A0C91BC942}") = "Free64.GetCPUID", "Free64.GetCPUID\Free64.GetCPUID.vcxproj", "{A1F6458F-FA9A-45C7-9476-102D54E5679D}"
EndProject
Project("{FAE04EC0-301F-11D3-BF4B-00C04F79EFBC}") = "Free64.Information", "Free64.Information\Free64.Information.csproj", "{F98D9EA6-BF70-4D12-AE5A-BDD7DC1D799B}"
EndProject
Project("{FAE04EC0-301F-11D3-BF4B-00C04F79EFBC}") = "Free64.CPUID", "Free64.CPUID\Free64.CPUID.csproj", "{812C9EC1-D34F-4663-8923-F5DDEA51B960}"
EndProject
Project("{FAE04EC0-301F-11D3-BF4B-00C04F79EFBC}") = "Free64.Common", "Free64.Common\Free64.Common.csproj", "{D2639579-9AEC-4516-BCE3-918276D2DEA6}"
EndProject
Project("{FAE04EC0-301F-11D3-BF4B-00C04F79EFBC}") = "Free64.Debug", "Free64.Debug\Free64.Debug.csproj", "{54AD6A59-BE42-4586-8B8A-323337F50962}"
EndProject
Global
	GlobalSection(SolutionConfigurationPlatforms) = preSolution
		Debug|Any CPU = Debug|Any CPU
		Debug|x64 = Debug|x64
		Debug|x86 = Debug|x86
		Release|Any CPU = Release|Any CPU
		Release|x64 = Release|x64
		Release|x86 = Release|x86
		ToData3|Any CPU = ToData3|Any CPU
		ToData3|x64 = ToData3|x64
		ToData3|x86 = ToData3|x86
	EndGlobalSection
	GlobalSection(ProjectConfigurationPlatforms) = postSolution
		{53C670F9-A5B1-422E-9284-92504FF95AB9}.Debug|Any CPU.ActiveCfg = Debug|Any CPU
		{53C670F9-A5B1-422E-9284-92504FF95AB9}.Debug|Any CPU.Build.0 = Debug|Any CPU
		{53C670F9-A5B1-422E-9284-92504FF95AB9}.Debug|x64.ActiveCfg = Debug|x64
		{53C670F9-A5B1-422E-9284-92504FF95AB9}.Debug|x64.Build.0 = Debug|x64
		{53C670F9-A5B1-422E-9284-92504FF95AB9}.Debug|x86.ActiveCfg = Debug|x86
		{53C670F9-A5B1-422E-9284-92504FF95AB9}.Debug|x86.Build.0 = Debug|x86
		{53C670F9-A5B1-422E-9284-92504FF95AB9}.Release|Any CPU.ActiveCfg = Release|Any CPU
		{53C670F9-A5B1-422E-9284-92504FF95AB9}.Release|Any CPU.Build.0 = Release|Any CPU
		{53C670F9-A5B1-422E-9284-92504FF95AB9}.Release|x64.ActiveCfg = Release|x64
		{53C670F9-A5B1-422E-9284-92504FF95AB9}.Release|x64.Build.0 = Release|x64
		{53C670F9-A5B1-422E-9284-92504FF95AB9}.Release|x86.ActiveCfg = Release|x86
		{53C670F9-A5B1-422E-9284-92504FF95AB9}.Release|x86.Build.0 = Release|x86
		{53C670F9-A5B1-422E-9284-92504FF95AB9}.ToData3|Any CPU.ActiveCfg = Release|Any CPU
		{53C670F9-A5B1-422E-9284-92504FF95AB9}.ToData3|Any CPU.Build.0 = Release|Any CPU
		{53C670F9-A5B1-422E-9284-92504FF95AB9}.ToData3|x64.ActiveCfg = Release|x64
		{53C670F9-A5B1-422E-9284-92504FF95AB9}.ToData3|x64.Build.0 = Release|x64
		{53C670F9-A5B1-422E-9284-92504FF95AB9}.ToData3|x86.ActiveCfg = Release|x86
		{53C670F9-A5B1-422E-9284-92504FF95AB9}.ToData3|x86.Build.0 = Release|x86
		{A1F6458F-FA9A-45C7-9476-102D54E5679D}.Debug|Any CPU.ActiveCfg = Debug|x64
		{A1F6458F-FA9A-45C7-9476-102D54E5679D}.Debug|x64.ActiveCfg = Debug|x64
		{A1F6458F-FA9A-45C7-9476-102D54E5679D}.Debug|x64.Build.0 = Debug|x64
		{A1F6458F-FA9A-45C7-9476-102D54E5679D}.Debug|x86.ActiveCfg = Debug|Win32
		{A1F6458F-FA9A-45C7-9476-102D54E5679D}.Debug|x86.Build.0 = Debug|Win32
		{A1F6458F-FA9A-45C7-9476-102D54E5679D}.Release|Any CPU.ActiveCfg = Release|x64
		{A1F6458F-FA9A-45C7-9476-102D54E5679D}.Release|x64.ActiveCfg = Release|x64
		{A1F6458F-FA9A-45C7-9476-102D54E5679D}.Release|x64.Build.0 = Release|x64
		{A1F6458F-FA9A-45C7-9476-102D54E5679D}.Release|x86.ActiveCfg = Release|Win32
		{A1F6458F-FA9A-45C7-9476-102D54E5679D}.Release|x86.Build.0 = Release|Win32
		{A1F6458F-FA9A-45C7-9476-102D54E5679D}.ToData3|Any CPU.ActiveCfg = Release|x64
		{A1F6458F-FA9A-45C7-9476-102D54E5679D}.ToData3|x64.ActiveCfg = Debug|x64
		{A1F6458F-FA9A-45C7-9476-102D54E5679D}.ToData3|x64.Build.0 = Debug|x64
		{A1F6458F-FA9A-45C7-9476-102D54E5679D}.ToData3|x86.ActiveCfg = Release|x64
		{F98D9EA6-BF70-4D12-AE5A-BDD7DC1D799B}.Debug|Any CPU.ActiveCfg = Debug|Any CPU
		{F98D9EA6-BF70-4D12-AE5A-BDD7DC1D799B}.Debug|Any CPU.Build.0 = Debug|Any CPU
		{F98D9EA6-BF70-4D12-AE5A-BDD7DC1D799B}.Debug|x64.ActiveCfg = Debug|Any CPU
		{F98D9EA6-BF70-4D12-AE5A-BDD7DC1D799B}.Debug|x64.Build.0 = Debug|Any CPU
		{F98D9EA6-BF70-4D12-AE5A-BDD7DC1D799B}.Debug|x86.ActiveCfg = Debug|Any CPU
		{F98D9EA6-BF70-4D12-AE5A-BDD7DC1D799B}.Debug|x86.Build.0 = Debug|Any CPU
		{F98D9EA6-BF70-4D12-AE5A-BDD7DC1D799B}.Release|Any CPU.ActiveCfg = Release|Any CPU
		{F98D9EA6-BF70-4D12-AE5A-BDD7DC1D799B}.Release|Any CPU.Build.0 = Release|Any CPU
		{F98D9EA6-BF70-4D12-AE5A-BDD7DC1D799B}.Release|x64.ActiveCfg = Release|Any CPU
		{F98D9EA6-BF70-4D12-AE5A-BDD7DC1D799B}.Release|x64.Build.0 = Release|Any CPU
		{F98D9EA6-BF70-4D12-AE5A-BDD7DC1D799B}.Release|x86.ActiveCfg = Release|Any CPU
		{F98D9EA6-BF70-4D12-AE5A-BDD7DC1D799B}.Release|x86.Build.0 = Release|Any CPU
		{F98D9EA6-BF70-4D12-AE5A-BDD7DC1D799B}.ToData3|Any CPU.ActiveCfg = Debug|Any CPU
		{F98D9EA6-BF70-4D12-AE5A-BDD7DC1D799B}.ToData3|Any CPU.Build.0 = Debug|Any CPU
		{F98D9EA6-BF70-4D12-AE5A-BDD7DC1D799B}.ToData3|x64.ActiveCfg = Debug|Any CPU
		{F98D9EA6-BF70-4D12-AE5A-BDD7DC1D799B}.ToData3|x64.Build.0 = Debug|Any CPU
		{F98D9EA6-BF70-4D12-AE5A-BDD7DC1D799B}.ToData3|x86.ActiveCfg = Debug|Any CPU
		{F98D9EA6-BF70-4D12-AE5A-BDD7DC1D799B}.ToData3|x86.Build.0 = Debug|Any CPU
		{812C9EC1-D34F-4663-8923-F5DDEA51B960}.Debug|Any CPU.ActiveCfg = Debug|Any CPU
		{812C9EC1-D34F-4663-8923-F5DDEA51B960}.Debug|Any CPU.Build.0 = Debug|Any CPU
		{812C9EC1-D34F-4663-8923-F5DDEA51B960}.Debug|x64.ActiveCfg = Debug|Any CPU
		{812C9EC1-D34F-4663-8923-F5DDEA51B960}.Debug|x64.Build.0 = Debug|Any CPU
		{812C9EC1-D34F-4663-8923-F5DDEA51B960}.Debug|x86.ActiveCfg = Debug|Any CPU
		{812C9EC1-D34F-4663-8923-F5DDEA51B960}.Debug|x86.Build.0 = Debug|Any CPU
		{812C9EC1-D34F-4663-8923-F5DDEA51B960}.Release|Any CPU.ActiveCfg = Release|Any CPU
		{812C9EC1-D34F-4663-8923-F5DDEA51B960}.Release|Any CPU.Build.0 = Release|Any CPU
		{812C9EC1-D34F-4663-8923-F5DDEA51B960}.Release|x64.ActiveCfg = Release|Any CPU
		{812C9EC1-D34F-4663-8923-F5DDEA51B960}.Release|x64.Build.0 = Release|Any CPU
		{812C9EC1-D34F-4663-8923-F5DDEA51B960}.Release|x86.ActiveCfg = Release|Any CPU
		{812C9EC1-D34F-4663-8923-F5DDEA51B960}.Release|x86.Build.0 = Release|Any CPU
		{812C9EC1-D34F-4663-8923-F5DDEA51B960}.ToData3|Any CPU.ActiveCfg = Debug|Any CPU
		{812C9EC1-D34F-4663-8923-F5DDEA51B960}.ToData3|Any CPU.Build.0 = Debug|Any CPU
		{812C9EC1-D34F-4663-8923-F5DDEA51B960}.ToData3|x64.ActiveCfg = Debug|Any CPU
		{812C9EC1-D34F-4663-8923-F5DDEA51B960}.ToData3|x64.Build.0 = Debug|Any CPU
		{812C9EC1-D34F-4663-8923-F5DDEA51B960}.ToData3|x86.ActiveCfg = Debug|Any CPU
		{812C9EC1-D34F-4663-8923-F5DDEA51B960}.ToData3|x86.Build.0 = Debug|Any CPU
		{D2639579-9AEC-4516-BCE3-918276D2DEA6}.Debug|Any CPU.ActiveCfg = Debug|Any CPU
		{D2639579-9AEC-4516-BCE3-918276D2DEA6}.Debug|Any CPU.Build.0 = Debug|Any CPU
		{D2639579-9AEC-4516-BCE3-918276D2DEA6}.Debug|x64.ActiveCfg = Debug|Any CPU
		{D2639579-9AEC-4516-BCE3-918276D2DEA6}.Debug|x64.Build.0 = Debug|Any CPU
		{D2639579-9AEC-4516-BCE3-918276D2DEA6}.Debug|x86.ActiveCfg = Debug|Any CPU
		{D2639579-9AEC-4516-BCE3-918276D2DEA6}.Debug|x86.Build.0 = Debug|Any CPU
		{D2639579-9AEC-4516-BCE3-918276D2DEA6}.Release|Any CPU.ActiveCfg = Release|Any CPU
		{D2639579-9AEC-4516-BCE3-918276D2DEA6}.Release|Any CPU.Build.0 = Release|Any CPU
		{D2639579-9AEC-4516-BCE3-918276D2DEA6}.Release|x64.ActiveCfg = Release|Any CPU
		{D2639579-9AEC-4516-BCE3-918276D2DEA6}.Release|x64.Build.0 = Release|Any CPU
		{D2639579-9AEC-4516-BCE3-918276D2DEA6}.Release|x86.ActiveCfg = Release|Any CPU
		{D2639579-9AEC-4516-BCE3-918276D2DEA6}.Release|x86.Build.0 = Release|Any CPU
		{D2639579-9AEC-4516-BCE3-918276D2DEA6}.ToData3|Any CPU.ActiveCfg = Debug|Any CPU
		{D2639579-9AEC-4516-BCE3-918276D2DEA6}.ToData3|Any CPU.Build.0 = Debug|Any CPU
		{D2639579-9AEC-4516-BCE3-918276D2DEA6}.ToData3|x64.ActiveCfg = Debug|Any CPU
		{D2639579-9AEC-4516-BCE3-918276D2DEA6}.ToData3|x64.Build.0 = Debug|Any CPU
		{D2639579-9AEC-4516-BCE3-918276D2DEA6}.ToData3|x86.ActiveCfg = Debug|Any CPU
		{D2639579-9AEC-4516-BCE3-918276D2DEA6}.ToData3|x86.Build.0 = Debug|Any CPU
		{54AD6A59-BE42-4586-8B8A-323337F50962}.Debug|Any CPU.ActiveCfg = Debug|Any CPU
		{54AD6A59-BE42-4586-8B8A-323337F50962}.Debug|Any CPU.Build.0 = Debug|Any CPU
		{54AD6A59-BE42-4586-8B8A-323337F50962}.Debug|x64.ActiveCfg = Debug|Any CPU
		{54AD6A59-BE42-4586-8B8A-323337F50962}.Debug|x64.Build.0 = Debug|Any CPU
		{54AD6A59-BE42-4586-8B8A-323337F50962}.Debug|x86.ActiveCfg = Debug|Any CPU
		{54AD6A59-BE42-4586-8B8A-323337F50962}.Debug|x86.Build.0 = Debug|Any CPU
		{54AD6A59-BE42-4586-8B8A-323337F50962}.Release|Any CPU.ActiveCfg = Release|Any CPU
		{54AD6A59-BE42-4586-8B8A-323337F50962}.Release|Any CPU.Build.0 = Release|Any CPU
		{54AD6A59-BE42-4586-8B8A-323337F50962}.Release|x64.ActiveCfg = Release|Any CPU
		{54AD6A59-BE42-4586-8B8A-323337F50962}.Release|x64.Build.0 = Release|Any CPU
		{54AD6A59-BE42-4586-8B8A-323337F50962}.Release|x86.ActiveCfg = Release|Any CPU
		{54AD6A59-BE42-4586-8B8A-323337F50962}.Release|x86.Build.0 = Release|Any CPU
		{54AD6A59-BE42-4586-8B8A-323337F50962}.ToData3|Any CPU.ActiveCfg = Debug|Any CPU
		{54AD6A59-BE42-4586-8B8A-323337F50962}.ToData3|Any CPU.Build.0 = Debug|Any CPU
		{54AD6A59-BE42-4586-8B8A-323337F50962}.ToData3|x64.ActiveCfg = Debug|Any CPU
		{54AD6A59-BE42-4586-8B8A-323337F50962}.ToData3|x64.Build.0 = Debug|Any CPU
		{54AD6A59-BE42-4586-8B8A-323337F50962}.ToData3|x86.ActiveCfg = Debug|Any CPU
		{54AD6A59-BE42-4586-8B8A-323337F50962}.ToData3|x86.Build.0 = Debug|Any CPU
	EndGlobalSection
	GlobalSection(SolutionProperties) = preSolution
		HideSolutionNode = FALSE
	EndGlobalSection
	GlobalSection(ExtensibilityGlobals) = postSolution
		SolutionGuid = {620E924E-3619-4245-815B-EE212FD66461}
	EndGlobalSection
EndGlobal
