
Microsoft Visual Studio Solution File, Format Version 12.00
# Visual Studio Version 16
VisualStudioVersion = 16.0.31025.194
MinimumVisualStudioVersion = 10.0.40219.1
Project("{9A19103F-16F7-4668-BE54-9A1E7A4F7556}") = "Free64", "Free64\Free64.csproj", "{63E75B6E-B837-4520-A6E5-CE02CF0410AE}"
EndProject
Project("{9A19103F-16F7-4668-BE54-9A1E7A4F7556}") = "Free64.CPUID", "Free64.CPUID\Free64.CPUID.csproj", "{9E473CDE-44AB-42C3-8BFE-7D0929CD357C}"
EndProject
Project("{9A19103F-16F7-4668-BE54-9A1E7A4F7556}") = "Free64.Common", "Free64.Common\Free64.Common.csproj", "{0F8E8132-3D08-4E11-BFE9-C47795A8D92C}"
EndProject
Project("{9A19103F-16F7-4668-BE54-9A1E7A4F7556}") = "Free64.Information", "Free64.Information\Free64.Information.csproj", "{1990457F-B3E4-469B-8023-FF2A006D87E8}"
EndProject
Project("{9A19103F-16F7-4668-BE54-9A1E7A4F7556}") = "Free64.GraphicalTrace", "Free64.GraphicalTrace\Free64.GraphicalTrace.csproj", "{250C0571-F267-4A64-AE3C-A98A5360CC6C}"
EndProject
Project("{8BC9CEB8-8B4A-11D0-8D11-00A0C91BC942}") = "Free64.Information.LowLevel", "Free64.Information.LowLevel\Free64.Information.LowLevel.vcxproj", "{A1F6458F-FA9A-45C7-9476-102D54E5679D}"
EndProject
Project("{9A19103F-16F7-4668-BE54-9A1E7A4F7556}") = "Free64.Information.Tests", "Free64.Information.Tests\Free64.Information.Tests.csproj", "{BEB9BD2F-08F6-43A8-9D6E-5F099E99DA32}"
EndProject
Global
	GlobalSection(SolutionConfigurationPlatforms) = preSolution
		Debug|x64 = Debug|x64
		Debug|x86 = Debug|x86
		Release|x64 = Release|x64
		Release|x86 = Release|x86
	EndGlobalSection
	GlobalSection(ProjectConfigurationPlatforms) = postSolution
		{63E75B6E-B837-4520-A6E5-CE02CF0410AE}.Debug|x64.ActiveCfg = Debug|x64
		{63E75B6E-B837-4520-A6E5-CE02CF0410AE}.Debug|x64.Build.0 = Debug|x64
		{63E75B6E-B837-4520-A6E5-CE02CF0410AE}.Debug|x86.ActiveCfg = Debug|x86
		{63E75B6E-B837-4520-A6E5-CE02CF0410AE}.Debug|x86.Build.0 = Debug|x86
		{63E75B6E-B837-4520-A6E5-CE02CF0410AE}.Release|x64.ActiveCfg = Release|x64
		{63E75B6E-B837-4520-A6E5-CE02CF0410AE}.Release|x64.Build.0 = Release|x64
		{63E75B6E-B837-4520-A6E5-CE02CF0410AE}.Release|x86.ActiveCfg = Release|x86
		{63E75B6E-B837-4520-A6E5-CE02CF0410AE}.Release|x86.Build.0 = Release|x86
		{9E473CDE-44AB-42C3-8BFE-7D0929CD357C}.Debug|x64.ActiveCfg = Debug|x64
		{9E473CDE-44AB-42C3-8BFE-7D0929CD357C}.Debug|x64.Build.0 = Debug|x64
		{9E473CDE-44AB-42C3-8BFE-7D0929CD357C}.Debug|x86.ActiveCfg = Debug|x86
		{9E473CDE-44AB-42C3-8BFE-7D0929CD357C}.Debug|x86.Build.0 = Debug|x86
		{9E473CDE-44AB-42C3-8BFE-7D0929CD357C}.Release|x64.ActiveCfg = Release|x64
		{9E473CDE-44AB-42C3-8BFE-7D0929CD357C}.Release|x64.Build.0 = Release|x64
		{9E473CDE-44AB-42C3-8BFE-7D0929CD357C}.Release|x86.ActiveCfg = Release|x86
		{9E473CDE-44AB-42C3-8BFE-7D0929CD357C}.Release|x86.Build.0 = Release|x86
		{0F8E8132-3D08-4E11-BFE9-C47795A8D92C}.Debug|x64.ActiveCfg = Debug|x64
		{0F8E8132-3D08-4E11-BFE9-C47795A8D92C}.Debug|x64.Build.0 = Debug|x64
		{0F8E8132-3D08-4E11-BFE9-C47795A8D92C}.Debug|x86.ActiveCfg = Debug|x86
		{0F8E8132-3D08-4E11-BFE9-C47795A8D92C}.Debug|x86.Build.0 = Debug|x86
		{0F8E8132-3D08-4E11-BFE9-C47795A8D92C}.Release|x64.ActiveCfg = Release|x64
		{0F8E8132-3D08-4E11-BFE9-C47795A8D92C}.Release|x64.Build.0 = Release|x64
		{0F8E8132-3D08-4E11-BFE9-C47795A8D92C}.Release|x86.ActiveCfg = Release|x86
		{0F8E8132-3D08-4E11-BFE9-C47795A8D92C}.Release|x86.Build.0 = Release|x86
		{1990457F-B3E4-469B-8023-FF2A006D87E8}.Debug|x64.ActiveCfg = Debug|x64
		{1990457F-B3E4-469B-8023-FF2A006D87E8}.Debug|x64.Build.0 = Debug|x64
		{1990457F-B3E4-469B-8023-FF2A006D87E8}.Debug|x86.ActiveCfg = Debug|x86
		{1990457F-B3E4-469B-8023-FF2A006D87E8}.Debug|x86.Build.0 = Debug|x86
		{1990457F-B3E4-469B-8023-FF2A006D87E8}.Release|x64.ActiveCfg = Release|x64
		{1990457F-B3E4-469B-8023-FF2A006D87E8}.Release|x64.Build.0 = Release|x64
		{1990457F-B3E4-469B-8023-FF2A006D87E8}.Release|x86.ActiveCfg = Release|x86
		{1990457F-B3E4-469B-8023-FF2A006D87E8}.Release|x86.Build.0 = Release|x86
		{250C0571-F267-4A64-AE3C-A98A5360CC6C}.Debug|x64.ActiveCfg = Debug|x64
		{250C0571-F267-4A64-AE3C-A98A5360CC6C}.Debug|x64.Build.0 = Debug|x64
		{250C0571-F267-4A64-AE3C-A98A5360CC6C}.Debug|x86.ActiveCfg = Debug|x86
		{250C0571-F267-4A64-AE3C-A98A5360CC6C}.Debug|x86.Build.0 = Debug|x86
		{250C0571-F267-4A64-AE3C-A98A5360CC6C}.Release|x64.ActiveCfg = Release|x64
		{250C0571-F267-4A64-AE3C-A98A5360CC6C}.Release|x64.Build.0 = Release|x64
		{250C0571-F267-4A64-AE3C-A98A5360CC6C}.Release|x86.ActiveCfg = Release|x86
		{250C0571-F267-4A64-AE3C-A98A5360CC6C}.Release|x86.Build.0 = Release|x86
		{A1F6458F-FA9A-45C7-9476-102D54E5679D}.Debug|x64.ActiveCfg = Debug|x64
		{A1F6458F-FA9A-45C7-9476-102D54E5679D}.Debug|x64.Build.0 = Debug|x64
		{A1F6458F-FA9A-45C7-9476-102D54E5679D}.Debug|x86.ActiveCfg = Debug|Win32
		{A1F6458F-FA9A-45C7-9476-102D54E5679D}.Debug|x86.Build.0 = Debug|Win32
		{A1F6458F-FA9A-45C7-9476-102D54E5679D}.Release|x64.ActiveCfg = Release|x64
		{A1F6458F-FA9A-45C7-9476-102D54E5679D}.Release|x64.Build.0 = Release|x64
		{A1F6458F-FA9A-45C7-9476-102D54E5679D}.Release|x86.ActiveCfg = Release|Win32
		{A1F6458F-FA9A-45C7-9476-102D54E5679D}.Release|x86.Build.0 = Release|Win32
		{BEB9BD2F-08F6-43A8-9D6E-5F099E99DA32}.Debug|x64.ActiveCfg = Debug|x64
		{BEB9BD2F-08F6-43A8-9D6E-5F099E99DA32}.Debug|x64.Build.0 = Debug|x64
		{BEB9BD2F-08F6-43A8-9D6E-5F099E99DA32}.Debug|x86.ActiveCfg = Debug|x86
		{BEB9BD2F-08F6-43A8-9D6E-5F099E99DA32}.Debug|x86.Build.0 = Debug|x86
		{BEB9BD2F-08F6-43A8-9D6E-5F099E99DA32}.Release|x64.ActiveCfg = Release|x64
		{BEB9BD2F-08F6-43A8-9D6E-5F099E99DA32}.Release|x64.Build.0 = Release|x64
		{BEB9BD2F-08F6-43A8-9D6E-5F099E99DA32}.Release|x86.ActiveCfg = Release|x86
		{BEB9BD2F-08F6-43A8-9D6E-5F099E99DA32}.Release|x86.Build.0 = Release|x86
	EndGlobalSection
	GlobalSection(SolutionProperties) = preSolution
		HideSolutionNode = FALSE
	EndGlobalSection
	GlobalSection(ExtensibilityGlobals) = postSolution
		SolutionGuid = {C1DA83ED-D701-4FA2-A835-D844012E9C46}
	EndGlobalSection
EndGlobal
